// !$*UTF8*$!
{
	archiveVersion = 1;
	classes = {
	};
	objectVersion = 46;
	objects = {

/* Begin PBXBuildFile section */
		840241591C738E83002C269C /* main.m in Sources */ = {isa = PBXBuildFile; fileRef = 840241581C738E83002C269C /* main.m */; };
		8402415C1C738E83002C269C /* AppDelegate.m in Sources */ = {isa = PBXBuildFile; fileRef = 8402415B1C738E83002C269C /* AppDelegate.m */; };
		8402415F1C738E83002C269C /* ViewController.m in Sources */ = {isa = PBXBuildFile; fileRef = 8402415E1C738E83002C269C /* ViewController.m */; };
		840241621C738E83002C269C /* Main.storyboard in Resources */ = {isa = PBXBuildFile; fileRef = 840241601C738E83002C269C /* Main.storyboard */; };
		840241641C738E83002C269C /* Assets.xcassets in Resources */ = {isa = PBXBuildFile; fileRef = 840241631C738E83002C269C /* Assets.xcassets */; };
		840241671C738E83002C269C /* LaunchScreen.storyboard in Resources */ = {isa = PBXBuildFile; fileRef = 840241651C738E83002C269C /* LaunchScreen.storyboard */; };
/* End PBXBuildFile section */

/* Begin PBXFileReference section */
		840241541C738E83002C269C /* dribbleViewer.app */ = {isa = PBXFileReference; explicitFileType = wrapper.application; includeInIndex = 0; path = dribbleViewer.app; sourceTree = BUILT_PRODUCTS_DIR; };
		840241581C738E83002C269C /* main.m */ = {isa = PBXFileReference; lastKnownFileType = sourcecode.c.objc; path = main.m; sourceTree = "<group>"; };
		8402415A1C738E83002C269C /* AppDelegate.h */ = {isa = PBXFileReference; lastKnownFileType = sourcecode.c.h; path = AppDelegate.h; sourceTree = "<group>"; };
		8402415B1C738E83002C269C /* AppDelegate.m */ = {isa = PBXFileReference; lastKnownFileType = sourcecode.c.objc; path = AppDelegate.m; sourceTree = "<group>"; };
		8402415D1C738E83002C269C /* ViewController.h */ = {isa = PBXFileReference; lastKnownFileType = sourcecode.c.h; path = ViewController.h; sourceTree = "<group>"; };
		8402415E1C738E83002C269C /* ViewController.m */ = {isa = PBXFileReference; lastKnownFileType = sourcecode.c.objc; path = ViewController.m; sourceTree = "<group>"; };
		840241611C738E83002C269C /* Base */ = {isa = PBXFileReference; lastKnownFileType = file.storyboard; name = Base; path = Base.lproj/Main.storyboard; sourceTree = "<group>"; };
		840241631C738E83002C269C /* Assets.xcassets */ = {isa = PBXFileReference; lastKnownFileType = folder.assetcatalog; path = Assets.xcassets; sourceTree = "<group>"; };
		840241661C738E83002C269C /* Base */ = {isa = PBXFileReference; lastKnownFileType = file.storyboard; name = Base; path = Base.lproj/LaunchScreen.storyboard; sourceTree = "<group>"; };
		840241681C738E83002C269C /* Info.plist */ = {isa = PBXFileReference; lastKnownFileType = text.plist.xml; path = Info.plist; sourceTree = "<group>"; };
/* End PBXFileReference section */

/* Begin PBXFrameworksBuildPhase section */
		840241511C738E83002C269C /* Frameworks */ = {
			isa = PBXFrameworksBuildPhase;
			buildActionMask = 2147483647;
			files = (
			);
			runOnlyForDeploymentPostprocessing = 0;
		};
/* End PBXFrameworksBuildPhase section */

/* Begin PBXGroup section */
		8402414B1C738E83002C269C = {
			isa = PBXGroup;
			children = (
				840241561C738E83002C269C /* dribbleViewer */,
				840241551C738E83002C269C /* Products */,
			);
			sourceTree = "<group>";
		};
		840241551C738E83002C269C /* Products */ = {
			isa = PBXGroup;
			children = (
				840241541C738E83002C269C /* dribbleViewer.app */,
			);
			name = Products;
			sourceTree = "<group>";
		};
		840241561C738E83002C269C /* dribbleViewer */ = {
			isa = PBXGroup;
			children = (
				8402415A1C738E83002C269C /* AppDelegate.h */,
				8402415B1C738E83002C269C /* AppDelegate.m */,
				8402415D1C738E83002C269C /* ViewController.h */,
				8402415E1C738E83002C269C /* ViewController.m */,
				840241601C738E83002C269C /* Main.storyboard */,
				840241631C738E83002C269C /* Assets.xcassets */,
				840241651C738E83002C269C /* LaunchScreen.storyboard */,
				840241681C738E83002C269C /* Info.plist */,
				840241571C738E83002C269C /* Supporting Files */,
			);
			path = dribbleViewer;
			sourceTree = "<group>";
		};
		840241571C738E83002C269C /* Supporting Files */ = {
			isa = PBXGroup;
			children = (
				840241581C738E83002C269C /* main.m */,
			);
			name = "Supporting Files";
			sourceTree = "<group>";
		};
/* End PBXGroup section */

/* Begin PBXNativeTarget section */
		840241531C738E83002C269C /* dribbleViewer */ = {
			isa = PBXNativeTarget;
			buildConfigurationList = 8402416B1C738E83002C269C /* Build configuration list for PBXNativeTarget "dribbleViewer" */;
			buildPhases = (
				840241501C738E83002C269C /* Sources */,
				840241511C738E83002C269C /* Frameworks */,
				840241521C738E83002C269C /* Resources */,
			);
			buildRules = (
			);
			dependencies = (
			);
			name = dribbleViewer;
			productName = dribbleViewer;
			productReference = 840241541C738E83002C269C /* dribbleViewer.app */;
			productType = "com.apple.product-type.application";
		};
/* End PBXNativeTarget section */

/* Begin PBXProject section */
		8402414C1C738E83002C269C /* Project object */ = {
			isa = PBXProject;
			attributes = {
				LastUpgradeCheck = 0720;
				ORGANIZATIONNAME = sevrikov;
				TargetAttributes = {
					840241531C738E83002C269C = {
						CreatedOnToolsVersion = 7.2.1;
					};
				};
			};
			buildConfigurationList = 8402414F1C738E83002C269C /* Build configuration list for PBXProject "dribbleViewer" */;
			compatibilityVersion = "Xcode 3.2";
			developmentRegion = English;
			hasScannedForEncodings = 0;
			knownRegions = (
				en,
				Base,
			);
			mainGroup = 8402414B1C738E83002C269C;
			productRefGroup = 840241551C738E83002C269C /* Products */;
			projectDirPath = "";
			projectRoot = "";
			targets = (
				840241531C738E83002C269C /* dribbleViewer */,
			);
		};
/* End PBXProject section */

/* Begin PBXResourcesBuildPhase section */
		840241521C738E83002C269C /* Resources */ = {
			isa = PBXResourcesBuildPhase;
			buildActionMask = 2147483647;
			files = (
				840241671C738E83002C269C /* LaunchScreen.storyboard in Resources */,
				840241641C738E83002C269C /* Assets.xcassets in Resources */,
				840241621C738E83002C269C /* Main.storyboard in Resources */,
			);
			runOnlyForDeploymentPostprocessing = 0;
		};
/* End PBXResourcesBuildPhase section */

/* Begin PBXSourcesBuildPhase section */
		840241501C738E83002C269C /* Sources */ = {
			isa = PBXSourcesBuildPhase;
			buildActionMask = 2147483647;
			files = (
				8402415F1C738E83002C269C /* ViewController.m in Sources */,
				8402415C1C738E83002C269C /* AppDelegate.m in Sources */,
				840241591C738E83002C269C /* main.m in Sources */,
			);
			runOnlyForDeploymentPostprocessing = 0;
		};
/* End PBXSourcesBuildPhase section */

/* Begin PBXVariantGroup section */
		840241601C738E83002C269C /* Main.storyboard */ = {
			isa = PBXVariantGroup;
			children = (
				840241611C738E83002C269C /* Base */,
			);
			name = Main.storyboard;
			sourceTree = "<group>";
		};
		840241651C738E83002C269C /* LaunchScreen.storyboard */ = {
			isa = PBXVariantGroup;
			children = (
				840241661C738E83002C269C /* Base */,
			);
			name = LaunchScreen.storyboard;
			sourceTree = "<group>";
		};
/* End PBXVariantGroup section */

/* Begin XCBuildConfiguration section */
		840241691C738E83002C269C /* Debug */ = {
			isa = XCBuildConfiguration;
			buildSettings = {
				ALWAYS_SEARCH_USER_PATHS = NO;
				CLANG_CXX_LANGUAGE_STANDARD = "gnu++0x";
				CLANG_CXX_LIBRARY = "libc++";
				CLANG_ENABLE_MODULES = YES;
				CLANG_ENABLE_OBJC_ARC = YES;
				CLANG_WARN_BOOL_CONVERSION = YES;
				CLANG_WARN_CONSTANT_CONVERSION = YES;
				CLANG_WARN_DIRECT_OBJC_ISA_USAGE = YES_ERROR;
				CLANG_WARN_EMPTY_BODY = YES;
				CLANG_WARN_ENUM_CONVERSION = YES;
				CLANG_WARN_INT_CONVERSION = YES;
				CLANG_WARN_OBJC_ROOT_CLASS = YES_ERROR;
				CLANG_WARN_UNREACHABLE_CODE = YES;
				CLANG_WARN__DUPLICATE_METHOD_MATCH = YES;
				"CODE_SIGN_IDENTITY[sdk=iphoneos*]" = "iPhone Developer";
				COPY_PHASE_STRIP = NO;
				DEBUG_INFORMATION_FORMAT = dwarf;
				ENABLE_STRICT_OBJC_MSGSEND = YES;
				ENABLE_TESTABILITY = YES;
				GCC_C_LANGUAGE_STANDARD = gnu99;
				GCC_DYNAMIC_NO_PIC = NO;
				GCC_NO_COMMON_BLOCKS = YES;
				GCC_OPTIMIZATION_LEVEL = 0;
				GCC_PREPROCESSOR_DEFINITIONS = (
					"DEBUG=1",
					"$(inherited)",
				);
				GCC_WARN_64_TO_32_BIT_CONVERSION = YES;
				GCC_WARN_ABOUT_RETURN_TYPE = YES_ERROR;
				GCC_WARN_UNDECLARED_SELECTOR = YES;
				GCC_WARN_UNINITIALIZED_AUTOS = YES_AGGRESSIVE;
				GCC_WARN_UNUSED_FUNCTION = YES;
				GCC_WARN_UNUSED_VARIABLE = YES;
				IPHONEOS_DEPLOYMENT_TARGET = 9.2;
				MTL_ENABLE_DEBUG_INFO = YES;
				ONLY_ACTIVE_ARCH = YES;
				SDKROOT = iphoneos;
				TARGETED_DEVICE_FAMILY = "1,2";
			};
			name = Debug;
		};
		8402416A1C738E83002C269C /* Release */ = {
			isa = XCBuildConfiguration;
			buildSettings = {
				ALWAYS_SEARCH_USER_PATHS = NO;
				CLANG_CXX_LANGUAGE_STANDARD = "gnu++0x";
				CLANG_CXX_LIBRARY = "libc++";
				CLANG_ENABLE_MODULES = YES;
				CLANG_ENABLE_OBJC_ARC = YES;
				CLANG_WARN_BOOL_CONVERSION = YES;
				CLANG_WARN_CONSTANT_CONVERSION = YES;
				CLANG_WARN_DIRECT_OBJC_ISA_USAGE = YES_ERROR;
				CLANG_WARN_EMPTY_BODY = YES;
				CLANG_WARN_ENUM_CONVERSION = YES;
				CLANG_WARN_INT_CONVERSION = YES;
				CLANG_WARN_OBJC_ROOT_CLASS = YES_ERROR;
				CLANG_WARN_UNREACHABLE_CODE = YES;
				CLANG_WARN__DUPLICATE_METHOD_MATCH = YES;
				"CODE_SIGN_IDENTITY[sdk=iphoneos*]" = "iPhone Developer";
				COPY_PHASE_STRIP = NO;
				DEBUG_INFORMATION_FORMAT = "dwarf-with-dsym";
				ENABLE_NS_ASSERTIONS = NO;
				ENABLE_STRICT_OBJC_MSGSEND = YES;
				GCC_C_LANGUAGE_STANDARD = gnu99;
				GCC_NO_COMMON_BLOCKS = YES;
				GCC_WARN_64_TO_32_BIT_CONVERSION = YES;
				GCC_WARN_ABOUT_RETURN_TYPE = YES_ERROR;
				GCC_WARN_UNDECLARED_SELECTOR = YES;
				GCC_WARN_UNINITIALIZED_AUTOS = YES_AGGRESSIVE;
				GCC_WARN_UNUSED_FUNCTION = YES;
				GCC_WARN_UNUSED_VARIABLE = YES;
				IPHONEOS_DEPLOYMENT_TARGET = 9.2;
				MTL_ENABLE_DEBUG_INFO = NO;
				SDKROOT = iphoneos;
				TARGETED_DEVICE_FAMILY = "1,2";
				VALIDATE_PRODUCT = YES;
			};
			name = Release;
		};
		8402416C1C738E83002C269C /* Debug */ = {
			isa = XCBuildConfiguration;
			buildSettings = {
				ASSETCATALOG_COMPILER_APPICON_NAME = AppIcon;
				INFOPLIST_FILE = dribbleViewer/Info.plist;
				IPHONEOS_DEPLOYMENT_TARGET = 8.0;
				LD_RUNPATH_SEARCH_PATHS = "$(inherited) @executable_path/Frameworks";
				PRODUCT_BUNDLE_IDENTIFIER = sevrikov.dribbleViewer;
				PRODUCT_NAME = "$(TARGET_NAME)";
			};
			name = Debug;
		};
		8402416D1C738E83002C269C /* Release */ = {
			isa = XCBuildConfiguration;
			buildSettings = {
				ASSETCATALOG_COMPILER_APPICON_NAME = AppIcon;
				INFOPLIST_FILE = dribbleViewer/Info.plist;
				IPHONEOS_DEPLOYMENT_TARGET = 8.0;
				LD_RUNPATH_SEARCH_PATHS = "$(inherited) @executable_path/Frameworks";
				PRODUCT_BUNDLE_IDENTIFIER = sevrikov.dribbleViewer;
				PRODUCT_NAME = "$(TARGET_NAME)";
			};
			name = Release;
		};
/* End XCBuildConfiguration section */

/* Begin XCConfigurationList section */
		8402414F1C738E83002C269C /* Build configuration list for PBXProject "dribbleViewer" */ = {
			isa = XCConfigurationList;
			buildConfigurations = (
				840241691C738E83002C269C /* Debug */,
				8402416A1C738E83002C269C /* Release */,
			);
			defaultConfigurationIsVisible = 0;
			defaultConfigurationName = Release;
		};
		8402416B1C738E83002C269C /* Build configuration list for PBXNativeTarget "dribbleViewer" */ = {
			isa = XCConfigurationList;
			buildConfigurations = (
				8402416C1C738E83002C269C /* Debug */,
				8402416D1C738E83002C269C /* Release */,
			);
			defaultConfigurationIsVisible = 0;
		};
/* End XCConfigurationList section */
	};
	rootObject = 8402414C1C738E83002C269C /* Project object */;
}
